{
  "nodes": {
    "fenix": {
      "inputs": {
        "nixpkgs": [
          "starship-jj",
          "nixpkgs"
        ],
        "rust-analyzer-src": "rust-analyzer-src"
      },
      "locked": {
        "lastModified": 1755412999,
        "narHash": "sha256-qD+X0KuAp0iiqElrlouXM43fmW7VCg7fGQzr6oal318=",
        "owner": "nix-community",
        "repo": "fenix",
        "rev": "fe8535d8c9afe780d5344d28db7fe1de3df736a0",
        "type": "github"
      },
      "original": {
        "owner": "nix-community",
        "repo": "fenix",
        "type": "github"
      }
    },
    "flake-utils": {
      "inputs": {
        "systems": "systems"
      },
      "locked": {
        "lastModified": 1731533236,
        "narHash": "sha256-l0KFg5HjrsfsO/JpG+r7fRrqm12kzFHyUHqHCVpMMbI=",
        "owner": "numtide",
        "repo": "flake-utils",
        "rev": "11707dc2f618dd54ca8739b309ec4fc024de578b",
        "type": "github"
      },
      "original": {
        "owner": "numtide",
        "repo": "flake-utils",
        "type": "github"
      }
    },
    "flake-utils_2": {
      "inputs": {
        "systems": [
          "starship-jj",
          "systems"
        ]
      },
      "locked": {
        "lastModified": 1731533236,
        "narHash": "sha256-l0KFg5HjrsfsO/JpG+r7fRrqm12kzFHyUHqHCVpMMbI=",
        "owner": "numtide",
        "repo": "flake-utils",
        "rev": "11707dc2f618dd54ca8739b309ec4fc024de578b",
        "type": "github"
      },
      "original": {
        "owner": "numtide",
        "repo": "flake-utils",
        "type": "github"
      }
    },
    "home-manager": {
      "inputs": {
        "nixpkgs": [
          "nixpkgs"
        ]
      },
      "locked": {
        "lastModified": 1757529548,
        "narHash": "sha256-If5AT3dPXH0BM+q+pwyZvtWLTmlqJmGW6IDZ2MqlGRU=",
        "owner": "nix-community",
        "repo": "home-manager",
        "rev": "e0154ae41614e32a443c43ee51eee9eed3ad9a48",
        "type": "github"
      },
      "original": {
        "owner": "nix-community",
        "repo": "home-manager",
        "type": "github"
      }
    },
    "nixgl": {
      "inputs": {
        "flake-utils": "flake-utils",
        "nixpkgs": "nixpkgs"
      },
      "locked": {
        "lastModified": 1752054764,
        "narHash": "sha256-Ob/HuUhANoDs+nvYqyTKrkcPXf4ZgXoqMTQoCK0RFgQ=",
        "owner": "guibou",
        "repo": "nixGL",
        "rev": "a8e1ce7d49a149ed70df676785b07f63288f53c5",
        "type": "github"
      },
      "original": {
        "owner": "guibou",
        "repo": "nixGL",
        "type": "github"
      }
    },
    "nixpkgs": {
      "locked": {
        "lastModified": 1746378225,
        "narHash": "sha256-OeRSuL8PUjIfL3Q0fTbNJD/fmv1R+K2JAOqWJd3Oceg=",
        "owner": "nixos",
        "repo": "nixpkgs",
        "rev": "93e8cdce7afc64297cfec447c311470788131cd9",
        "type": "github"
      },
      "original": {
        "owner": "nixos",
        "repo": "nixpkgs",
        "type": "github"
      }
    },
    "nixpkgs_2": {
      "locked": {
        "lastModified": 1757552505,
        "narHash": "sha256-XW88uZ10rXFsVIjsg/UOaDcO11gZp5oBKakblTGvKss=",
        "owner": "nixos",
        "repo": "nixpkgs",
        "rev": "4569dc98fc9ad51e60880069b0fa3ba1149c25a8",
        "type": "github"
      },
      "original": {
        "owner": "nixos",
        "repo": "nixpkgs",
        "rev": "4569dc98fc9ad51e60880069b0fa3ba1149c25a8",
        "type": "github"
      }
    },
    "root": {
      "inputs": {
        "home-manager": "home-manager",
        "nixgl": "nixgl",
        "nixpkgs": "nixpkgs_2",
        "starship-jj": "starship-jj"
      }
    },
    "rust-analyzer-src": {
      "flake": false,
      "locked": {
        "lastModified": 1755004716,
        "narHash": "sha256-TbhPR5Fqw5LjAeI3/FOPhNNFQCF3cieKCJWWupeZmiA=",
        "owner": "rust-lang",
        "repo": "rust-analyzer",
        "rev": "b2a58b8c6eff3c3a2c8b5c70dbf69ead78284194",
        "type": "github"
      },
      "original": {
        "owner": "rust-lang",
        "ref": "nightly",
        "repo": "rust-analyzer",
        "type": "github"
      }
    },
    "starship-jj": {
      "inputs": {
        "fenix": "fenix",
        "flake-utils": "flake-utils_2",
        "nixpkgs": [
          "nixpkgs"
        ],
        "systems": "systems_2"
      },
      "locked": {
        "lastModified": 1757479801,
        "narHash": "sha256-HTkDZQJnlbv2LlBybpBTNh1Y3/M8RNeQuiked3JaLgI=",
        "owner": "lanastara_foss",
        "repo": "starship-jj",
        "rev": "04557921210b770faefb9ea7ee60152d61b03755",
        "type": "gitlab"
      },
      "original": {
        "owner": "lanastara_foss",
        "repo": "starship-jj",
        "type": "gitlab"
      }
    },
    "systems": {
      "locked": {
        "lastModified": 1681028828,
        "narHash": "sha256-Vy1rq5AaRuLzOxct8nz4T6wlgyUR7zLU309k9mBC768=",
        "owner": "nix-systems",
        "repo": "default",
        "rev": "da67096a3b9bf56a91d16901293e51ba5b49a27e",
        "type": "github"
      },
      "original": {
        "owner": "nix-systems",
        "repo": "default",
        "type": "github"
      }
    },
    "systems_2": {
      "locked": {
        "lastModified": 1681028828,
        "narHash": "sha256-Vy1rq5AaRuLzOxct8nz4T6wlgyUR7zLU309k9mBC768=",
        "owner": "nix-systems",
        "repo": "default",
        "rev": "da67096a3b9bf56a91d16901293e51ba5b49a27e",
        "type": "github"
      },
      "original": {
        "owner": "nix-systems",
        "repo": "default",
        "type": "github"
      }
    }
  },
  "root": "root",
  "version": 7
}
